
Microsoft Visual Studio Solution File, Format Version 9.00
# Visual Studio 2005
Project("{FAE04EC0-301F-11D3-BF4B-00C04F79EFBC}") = "Pop3MailClient", "Pop3MailClient\Pop3MailClient.csproj", "{661A95D5-FF54-425E-ADBD-158A6E193941}"
EndProject
Global
	GlobalSection(SolutionConfigurationPlatforms) = preSolution
		Debug|Any CPU = Debug|Any CPU
		Release|Any CPU = Release|Any CPU
	EndGlobalSection
	GlobalSection(ProjectConfigurationPlatforms) = postSolution
		{661A95D5-FF54-425E-ADBD-158A6E193941}.Debug|Any CPU.ActiveCfg = Debug|Any CPU
		{661A95D5-FF54-425E-ADBD-158A6E193941}.Debug|Any CPU.Build.0 = Debug|Any CPU
		{661A95D5-FF54-425E-ADBD-158A6E193941}.Release|Any CPU.ActiveCfg = Release|Any CPU
		{661A95D5-FF54-425E-ADBD-158A6E193941}.Release|Any CPU.Build.0 = Release|Any CPU
	EndGlobalSection
	GlobalSection(SolutionProperties) = preSolution
		HideSolutionNode = FALSE
	EndGlobalSection
EndGlobal
